
Microsoft Visual Studio Solution File, Format Version 12.00
# Visual Studio Version 17
VisualStudioVersion = 17.0.32014.148
MinimumVisualStudioVersion = 10.0.40219.1
Project("{FAE04EC0-301F-11D3-BF4B-00C04F79EFBC}") = "Savas", "Savas\Savas.csproj", "{8BBFDC59-44C3-44F7-8527-2AC2DCD44CE6}"
EndProject
Global
	GlobalSection(SolutionConfigurationPlatforms) = preSolution
		Debug|Any CPU = Debug|Any CPU
		Release|Any CPU = Release|Any CPU
	EndGlobalSection
	GlobalSection(ProjectConfigurationPlatforms) = postSolution
		{8BBFDC59-44C3-44F7-8527-2AC2DCD44CE6}.Debug|Any CPU.ActiveCfg = Debug|Any CPU
		{8BBFDC59-44C3-44F7-8527-2AC2DCD44CE6}.Debug|Any CPU.Build.0 = Debug|Any CPU
		{8BBFDC59-44C3-44F7-8527-2AC2DCD44CE6}.Release|Any CPU.ActiveCfg = Release|Any CPU
		{8BBFDC59-44C3-44F7-8527-2AC2DCD44CE6}.Release|Any CPU.Build.0 = Release|Any CPU
	EndGlobalSection
	GlobalSection(SolutionProperties) = preSolution
		HideSolutionNode = FALSE
	EndGlobalSection
	GlobalSection(ExtensibilityGlobals) = postSolution
		SolutionGuid = {309A7358-A2A2-4866-9809-5106D06EC6BB}
	EndGlobalSection
EndGlobal
